
Microsoft Visual Studio Solution File, Format Version 12.00
# Visual Studio Version 17
VisualStudioVersion = 17.14.36511.14 d17.14
MinimumVisualStudioVersion = 10.0.40219.1
Project("{FAE04EC0-301F-11D3-BF4B-00C04F79EFBC}") = "ConsoleDictionary", "ConsoleDictionary\ConsoleDictionary.csproj", "{596E7DCC-8126-4216-B3FE-9C69C1829C81}"
EndProject
Project("{2150E333-8FDC-42A3-9474-1A3956D46DE8}") = "Solution Items", "Solution Items", "{8EC462FD-D22E-90A8-E5CE-7E832BA40C5D}"
	ProjectSection(SolutionItems) = preProject
		README.md = README.md
	EndProjectSection
EndProject
Global
	GlobalSection(SolutionConfigurationPlatforms) = preSolution
		Debug|Any CPU = Debug|Any CPU
		Release|Any CPU = Release|Any CPU
	EndGlobalSection
	GlobalSection(ProjectConfigurationPlatforms) = postSolution
		{596E7DCC-8126-4216-B3FE-9C69C1829C81}.Debug|Any CPU.ActiveCfg = Debug|Any CPU
		{596E7DCC-8126-4216-B3FE-9C69C1829C81}.Debug|Any CPU.Build.0 = Debug|Any CPU
		{596E7DCC-8126-4216-B3FE-9C69C1829C81}.Release|Any CPU.ActiveCfg = Release|Any CPU
		{596E7DCC-8126-4216-B3FE-9C69C1829C81}.Release|Any CPU.Build.0 = Release|Any CPU
	EndGlobalSection
	GlobalSection(SolutionProperties) = preSolution
		HideSolutionNode = FALSE
	EndGlobalSection
	GlobalSection(ExtensibilityGlobals) = postSolution
		SolutionGuid = {38B0E1F1-9E2B-4237-9D09-38DC8B04FCAA}
	EndGlobalSection
EndGlobal
